// !$*UTF8*$!
{
	archiveVersion = 1;
	classes = {
	};
	objectVersion = 46;
	objects = {

/* Begin PBXBuildFile section */
		BABC666C1DBF031700EBF102 /* AppDelegate.swift in Sources */ = {isa = PBXBuildFile; fileRef = BABC666B1DBF031700EBF102 /* AppDelegate.swift */; };
		BABC666E1DBF031700EBF102 /* ViewController.swift in Sources */ = {isa = PBXBuildFile; fileRef = BABC666D1DBF031700EBF102 /* ViewController.swift */; };
		BABC66711DBF031700EBF102 /* Main.storyboard in Resources */ = {isa = PBXBuildFile; fileRef = BABC666F1DBF031700EBF102 /* Main.storyboard */; };
		BABC66731DBF031700EBF102 /* Assets.xcassets in Resources */ = {isa = PBXBuildFile; fileRef = BABC66721DBF031700EBF102 /* Assets.xcassets */; };
		BABC66761DBF031700EBF102 /* LaunchScreen.storyboard in Resources */ = {isa = PBXBuildFile; fileRef = BABC66741DBF031700EBF102 /* LaunchScreen.storyboard */; };
/* End PBXBuildFile section */

/* Begin PBXFileReference section */
		BABC66681DBF031700EBF102 /* testRepository.app */ = {isa = PBXFileReference; explicitFileType = wrapper.application; includeInIndex = 0; path = testRepository.app; sourceTree = BUILT_PRODUCTS_DIR; };
		BABC666B1DBF031700EBF102 /* AppDelegate.swift */ = {isa = PBXFileReference; lastKnownFileType = sourcecode.swift; path = AppDelegate.swift; sourceTree = "<group>"; };
		BABC666D1DBF031700EBF102 /* ViewController.swift */ = {isa = PBXFileReference; lastKnownFileType = sourcecode.swift; path = ViewController.swift; sourceTree = "<group>"; };
		BABC66701DBF031700EBF102 /* Base */ = {isa = PBXFileReference; lastKnownFileType = file.storyboard; name = Base; path = Base.lproj/Main.storyboard; sourceTree = "<group>"; };
		BABC66721DBF031700EBF102 /* Assets.xcassets */ = {isa = PBXFileReference; lastKnownFileType = folder.assetcatalog; path = Assets.xcassets; sourceTree = "<group>"; };
		BABC66751DBF031700EBF102 /* Base */ = {isa = PBXFileReference; lastKnownFileType = file.storyboard; name = Base; path = Base.lproj/LaunchScreen.storyboard; sourceTree = "<group>"; };
		BABC66771DBF031700EBF102 /* Info.plist */ = {isa = PBXFileReference; lastKnownFileType = text.plist.xml; path = Info.plist; sourceTree = "<group>"; };
/* End PBXFileReference section */

/* Begin PBXFrameworksBuildPhase section */
		BABC66651DBF031600EBF102 /* Frameworks */ = {
			isa = PBXFrameworksBuildPhase;
			buildActionMask = 2147483647;
			files = (
			);
			runOnlyForDeploymentPostprocessing = 0;
		};
/* End PBXFrameworksBuildPhase section */

/* Begin PBXGroup section */
		BABC665F1DBF031600EBF102 = {
			isa = PBXGroup;
			children = (
				BABC666A1DBF031700EBF102 /* testRepository */,
				BABC66691DBF031700EBF102 /* Products */,
			);
			sourceTree = "<group>";
		};
		BABC66691DBF031700EBF102 /* Products */ = {
			isa = PBXGroup;
			children = (
				BABC66681DBF031700EBF102 /* testRepository.app */,
			);
			name = Products;
			sourceTree = "<group>";
		};
		BABC666A1DBF031700EBF102 /* testRepository */ = {
			isa = PBXGroup;
			children = (
				BABC666B1DBF031700EBF102 /* AppDelegate.swift */,
				BABC666D1DBF031700EBF102 /* ViewController.swift */,
				BABC666F1DBF031700EBF102 /* Main.storyboard */,
				BABC66721DBF031700EBF102 /* Assets.xcassets */,
				BABC66741DBF031700EBF102 /* LaunchScreen.storyboard */,
				BABC66771DBF031700EBF102 /* Info.plist */,
			);
			path = testRepository;
			sourceTree = "<group>";
		};
/* End PBXGroup section */

/* Begin PBXNativeTarget section */
		BABC66671DBF031600EBF102 /* testRepository */ = {
			isa = PBXNativeTarget;
			buildConfigurationList = BABC667A1DBF031700EBF102 /* Build configuration list for PBXNativeTarget "testRepository" */;
			buildPhases = (
				BABC66641DBF031600EBF102 /* Sources */,
				BABC66651DBF031600EBF102 /* Frameworks */,
				BABC66661DBF031600EBF102 /* Resources */,
			);
			buildRules = (
			);
			dependencies = (
			);
			name = testRepository;
			productName = testRepository;
			productReference = BABC66681DBF031700EBF102 /* testRepository.app */;
			productType = "com.apple.product-type.application";
		};
/* End PBXNativeTarget section */

/* Begin PBXProject section */
		BABC66601DBF031600EBF102 /* Project object */ = {
			isa = PBXProject;
			attributes = {
				LastSwiftUpdateCheck = 0800;
				LastUpgradeCheck = 0800;
				ORGANIZATIONNAME = "Laura Norman Enterprises Inc";
				TargetAttributes = {
					BABC66671DBF031600EBF102 = {
						CreatedOnToolsVersion = 8.0;
						ProvisioningStyle = Automatic;
					};
				};
			};
			buildConfigurationList = BABC66631DBF031600EBF102 /* Build configuration list for PBXProject "testRepository" */;
			compatibilityVersion = "Xcode 3.2";
			developmentRegion = English;
			hasScannedForEncodings = 0;
			knownRegions = (
				en,
				Base,
			);
			mainGroup = BABC665F1DBF031600EBF102;
			productRefGroup = BABC66691DBF031700EBF102 /* Products */;
			projectDirPath = "";
			projectRoot = "";
			targets = (
				BABC66671DBF031600EBF102 /* testRepository */,
			);
		};
/* End PBXProject section */

/* Begin PBXResourcesBuildPhase section */
		BABC66661DBF031600EBF102 /* Resources */ = {
			isa = PBXResourcesBuildPhase;
			buildActionMask = 2147483647;
			files = (
				BABC66761DBF031700EBF102 /* LaunchScreen.storyboard in Resources */,
				BABC66731DBF031700EBF102 /* Assets.xcassets in Resources */,
				BABC66711DBF031700EBF102 /* Main.storyboard in Resources */,
			);
			runOnlyForDeploymentPostprocessing = 0;
		};
/* End PBXResourcesBuildPhase section */

/* Begin PBXSourcesBuildPhase section */
		BABC66641DBF031600EBF102 /* Sources */ = {
			isa = PBXSourcesBuildPhase;
			buildActionMask = 2147483647;
			files = (
				BABC666E1DBF031700EBF102 /* ViewController.swift in Sources */,
				BABC666C1DBF031700EBF102 /* AppDelegate.swift in Sources */,
			);
			runOnlyForDeploymentPostprocessing = 0;
		};
/* End PBXSourcesBuildPhase section */

/* Begin PBXVariantGroup section */
		BABC666F1DBF031700EBF102 /* Main.storyboard */ = {
			isa = PBXVariantGroup;
			children = (
				BABC66701DBF031700EBF102 /* Base */,
			);
			name = Main.storyboard;
			sourceTree = "<group>";
		};
		BABC66741DBF031700EBF102 /* LaunchScreen.storyboard */ = {
			isa = PBXVariantGroup;
			children = (
				BABC66751DBF031700EBF102 /* Base */,
			);
			name = LaunchScreen.storyboard;
			sourceTree = "<group>";
		};
/* End PBXVariantGroup section */

/* Begin XCBuildConfiguration section */
		BABC66781DBF031700EBF102 /* Debug */ = {
			isa = XCBuildConfiguration;
			buildSettings = {
				ALWAYS_SEARCH_USER_PATHS = NO;
				CLANG_ANALYZER_NONNULL = YES;
				CLANG_CXX_LANGUAGE_STANDARD = "gnu++0x";
				CLANG_CXX_LIBRARY = "libc++";
				CLANG_ENABLE_MODULES = YES;
				CLANG_ENABLE_OBJC_ARC = YES;
				CLANG_WARN_BOOL_CONVERSION = YES;
				CLANG_WARN_CONSTANT_CONVERSION = YES;
				CLANG_WARN_DIRECT_OBJC_ISA_USAGE = YES_ERROR;
				CLANG_WARN_DOCUMENTATION_COMMENTS = YES;
				CLANG_WARN_EMPTY_BODY = YES;
				CLANG_WARN_ENUM_CONVERSION = YES;
				CLANG_WARN_INFINITE_RECURSION = YES;
				CLANG_WARN_INT_CONVERSION = YES;
				CLANG_WARN_OBJC_ROOT_CLASS = YES_ERROR;
				CLANG_WARN_SUSPICIOUS_MOVES = YES;
				CLANG_WARN_UNREACHABLE_CODE = YES;
				CLANG_WARN__DUPLICATE_METHOD_MATCH = YES;
				"CODE_SIGN_IDENTITY[sdk=iphoneos*]" = "iPhone Developer";
				COPY_PHASE_STRIP = NO;
				DEBUG_INFORMATION_FORMAT = dwarf;
				ENABLE_STRICT_OBJC_MSGSEND = YES;
				ENABLE_TESTABILITY = YES;
				GCC_C_LANGUAGE_STANDARD = gnu99;
				GCC_DYNAMIC_NO_PIC = NO;
				GCC_NO_COMMON_BLOCKS = YES;
				GCC_OPTIMIZATION_LEVEL = 0;
				GCC_PREPROCESSOR_DEFINITIONS = (
					"DEBUG=1",
					"$(inherited)",
				);
				GCC_WARN_64_TO_32_BIT_CONVERSION = YES;
				GCC_WARN_ABOUT_RETURN_TYPE = YES_ERROR;
				GCC_WARN_UNDECLARED_SELECTOR = YES;
				GCC_WARN_UNINITIALIZED_AUTOS = YES_AGGRESSIVE;
				GCC_WARN_UNUSED_FUNCTION = YES;
				GCC_WARN_UNUSED_VARIABLE = YES;
				IPHONEOS_DEPLOYMENT_TARGET = 10.0;
				MTL_ENABLE_DEBUG_INFO = YES;
				ONLY_ACTIVE_ARCH = YES;
				SDKROOT = iphoneos;
				SWIFT_ACTIVE_COMPILATION_CONDITIONS = DEBUG;
				SWIFT_OPTIMIZATION_LEVEL = "-Onone";
				TARGETED_DEVICE_FAMILY = "1,2";
			};
			name = Debug;
		};
		BABC66791DBF031700EBF102 /* Release */ = {
			isa = XCBuildConfiguration;
			buildSettings = {
				ALWAYS_SEARCH_USER_PATHS = NO;
				CLANG_ANALYZER_NONNULL = YES;
				CLANG_CXX_LANGUAGE_STANDARD = "gnu++0x";
				CLANG_CXX_LIBRARY = "libc++";
				CLANG_ENABLE_MODULES = YES;
				CLANG_ENABLE_OBJC_ARC = YES;
				CLANG_WARN_BOOL_CONVERSION = YES;
				CLANG_WARN_CONSTANT_CONVERSION = YES;
				CLANG_WARN_DIRECT_OBJC_ISA_USAGE = YES_ERROR;
				CLANG_WARN_DOCUMENTATION_COMMENTS = YES;
				CLANG_WARN_EMPTY_BODY = YES;
				CLANG_WARN_ENUM_CONVERSION = YES;
				CLANG_WARN_INFINITE_RECURSION = YES;
				CLANG_WARN_INT_CONVERSION = YES;
				CLANG_WARN_OBJC_ROOT_CLASS = YES_ERROR;
				CLANG_WARN_SUSPICIOUS_MOVES = YES;
				CLANG_WARN_UNREACHABLE_CODE = YES;
				CLANG_WARN__DUPLICATE_METHOD_MATCH = YES;
				"CODE_SIGN_IDENTITY[sdk=iphoneos*]" = "iPhone Developer";
				COPY_PHASE_STRIP = NO;
				DEBUG_INFORMATION_FORMAT = "dwarf-with-dsym";
				ENABLE_NS_ASSERTIONS = NO;
				ENABLE_STRICT_OBJC_MSGSEND = YES;
				GCC_C_LANGUAGE_STANDARD = gnu99;
				GCC_NO_COMMON_BLOCKS = YES;
				GCC_WARN_64_TO_32_BIT_CONVERSION = YES;
				GCC_WARN_ABOUT_RETURN_TYPE = YES_ERROR;
				GCC_WARN_UNDECLARED_SELECTOR = YES;
				GCC_WARN_UNINITIALIZED_AUTOS = YES_AGGRESSIVE;
				GCC_WARN_UNUSED_FUNCTION = YES;
				GCC_WARN_UNUSED_VARIABLE = YES;
				IPHONEOS_DEPLOYMENT_TARGET = 10.0;
				MTL_ENABLE_DEBUG_INFO = NO;
				SDKROOT = iphoneos;
				SWIFT_OPTIMIZATION_LEVEL = "-Owholemodule";
				TARGETED_DEVICE_FAMILY = "1,2";
				VALIDATE_PRODUCT = YES;
			};
			name = Release;
		};
		BABC667B1DBF031700EBF102 /* Debug */ = {
			isa = XCBuildConfiguration;
			buildSettings = {
				ASSETCATALOG_COMPILER_APPICON_NAME = AppIcon;
				INFOPLIST_FILE = testRepository/Info.plist;
				LD_RUNPATH_SEARCH_PATHS = "$(inherited) @executable_path/Frameworks";
				PRODUCT_BUNDLE_IDENTIFIER = com.lauranormanreflexology.testRepository;
				PRODUCT_NAME = "$(TARGET_NAME)";
				SWIFT_VERSION = 3.0;
			};
			name = Debug;
		};
		BABC667C1DBF031700EBF102 /* Release */ = {
			isa = XCBuildConfiguration;
			buildSettings = {
				ASSETCATALOG_COMPILER_APPICON_NAME = AppIcon;
				INFOPLIST_FILE = testRepository/Info.plist;
				LD_RUNPATH_SEARCH_PATHS = "$(inherited) @executable_path/Frameworks";
				PRODUCT_BUNDLE_IDENTIFIER = com.lauranormanreflexology.testRepository;
				PRODUCT_NAME = "$(TARGET_NAME)";
				SWIFT_VERSION = 3.0;
			};
			name = Release;
		};
/* End XCBuildConfiguration section */

/* Begin XCConfigurationList section */
		BABC66631DBF031600EBF102 /* Build configuration list for PBXProject "testRepository" */ = {
			isa = XCConfigurationList;
			buildConfigurations = (
				BABC66781DBF031700EBF102 /* Debug */,
				BABC66791DBF031700EBF102 /* Release */,
			);
			defaultConfigurationIsVisible = 0;
			defaultConfigurationName = Release;
		};
		BABC667A1DBF031700EBF102 /* Build configuration list for PBXNativeTarget "testRepository" */ = {
			isa = XCConfigurationList;
			buildConfigurations = (
				BABC667B1DBF031700EBF102 /* Debug */,
				BABC667C1DBF031700EBF102 /* Release */,
			);
			defaultConfigurationIsVisible = 0;
		};
/* End XCConfigurationList section */
	};
	rootObject = BABC66601DBF031600EBF102 /* Project object */;
}
